
Microsoft Visual Studio Solution File, Format Version 12.00
# Visual Studio Version 17
VisualStudioVersion = 17.5.33516.290
MinimumVisualStudioVersion = 10.0.40219.1
Project("{FAE04EC0-301F-11D3-BF4B-00C04F79EFBC}") = "UnderstandingOOPSApp", "UnderstandingOOPSApp\UnderstandingOOPSApp.csproj", "{B39EDE9E-A1A8-4AE2-A1E5-A13063F9B3DA}"
EndProject
Global
	GlobalSection(SolutionConfigurationPlatforms) = preSolution
		Debug|Any CPU = Debug|Any CPU
		Release|Any CPU = Release|Any CPU
	EndGlobalSection
	GlobalSection(ProjectConfigurationPlatforms) = postSolution
		{B39EDE9E-A1A8-4AE2-A1E5-A13063F9B3DA}.Debug|Any CPU.ActiveCfg = Debug|Any CPU
		{B39EDE9E-A1A8-4AE2-A1E5-A13063F9B3DA}.Debug|Any CPU.Build.0 = Debug|Any CPU
		{B39EDE9E-A1A8-4AE2-A1E5-A13063F9B3DA}.Release|Any CPU.ActiveCfg = Release|Any CPU
		{B39EDE9E-A1A8-4AE2-A1E5-A13063F9B3DA}.Release|Any CPU.Build.0 = Release|Any CPU
	EndGlobalSection
	GlobalSection(SolutionProperties) = preSolution
		HideSolutionNode = FALSE
	EndGlobalSection
	GlobalSection(ExtensibilityGlobals) = postSolution
		SolutionGuid = {701943AD-7BBE-46DB-B39A-A530CCF97BF6}
	EndGlobalSection
EndGlobal
