
Microsoft Visual Studio Solution File, Format Version 12.00
# Visual Studio Version 17
VisualStudioVersion = 17.5.33516.290
MinimumVisualStudioVersion = 10.0.40219.1
Project("{FAE04EC0-301F-11D3-BF4B-00C04F79EFBC}") = "ExceptionHandlingApp", "ExceptionHandlingApp\ExceptionHandlingApp.csproj", "{B8F5401C-1504-4D80-AE0E-D74E4C2DF21D}"
EndProject
Global
	GlobalSection(SolutionConfigurationPlatforms) = preSolution
		Debug|Any CPU = Debug|Any CPU
		Release|Any CPU = Release|Any CPU
	EndGlobalSection
	GlobalSection(ProjectConfigurationPlatforms) = postSolution
		{B8F5401C-1504-4D80-AE0E-D74E4C2DF21D}.Debug|Any CPU.ActiveCfg = Debug|Any CPU
		{B8F5401C-1504-4D80-AE0E-D74E4C2DF21D}.Debug|Any CPU.Build.0 = Debug|Any CPU
		{B8F5401C-1504-4D80-AE0E-D74E4C2DF21D}.Release|Any CPU.ActiveCfg = Release|Any CPU
		{B8F5401C-1504-4D80-AE0E-D74E4C2DF21D}.Release|Any CPU.Build.0 = Release|Any CPU
	EndGlobalSection
	GlobalSection(SolutionProperties) = preSolution
		HideSolutionNode = FALSE
	EndGlobalSection
	GlobalSection(ExtensibilityGlobals) = postSolution
		SolutionGuid = {E85EDD27-4A30-4F4E-AD84-461E1D01FFFD}
	EndGlobalSection
EndGlobal
