
Microsoft Visual Studio Solution File, Format Version 12.00
# Visual Studio Version 17
VisualStudioVersion = 17.5.33516.290
MinimumVisualStudioVersion = 10.0.40219.1
Project("{FAE04EC0-301F-11D3-BF4B-00C04F79EFBC}") = "FirstApplication", "FirstApplication\FirstApplication.csproj", "{941380A4-8DB8-4BF7-AC60-4C9EC85B7EEE}"
EndProject
Global
	GlobalSection(SolutionConfigurationPlatforms) = preSolution
		Debug|Any CPU = Debug|Any CPU
		Release|Any CPU = Release|Any CPU
	EndGlobalSection
	GlobalSection(ProjectConfigurationPlatforms) = postSolution
		{941380A4-8DB8-4BF7-AC60-4C9EC85B7EEE}.Debug|Any CPU.ActiveCfg = Debug|Any CPU
		{941380A4-8DB8-4BF7-AC60-4C9EC85B7EEE}.Debug|Any CPU.Build.0 = Debug|Any CPU
		{941380A4-8DB8-4BF7-AC60-4C9EC85B7EEE}.Release|Any CPU.ActiveCfg = Release|Any CPU
		{941380A4-8DB8-4BF7-AC60-4C9EC85B7EEE}.Release|Any CPU.Build.0 = Release|Any CPU
	EndGlobalSection
	GlobalSection(SolutionProperties) = preSolution
		HideSolutionNode = FALSE
	EndGlobalSection
	GlobalSection(ExtensibilityGlobals) = postSolution
		SolutionGuid = {E06E16B1-70F0-42E0-9C52-87B54898E8BC}
	EndGlobalSection
EndGlobal
