
Microsoft Visual Studio Solution File, Format Version 12.00
# Visual Studio Version 17
VisualStudioVersion = 17.5.33516.290
MinimumVisualStudioVersion = 10.0.40219.1
Project("{FAE04EC0-301F-11D3-BF4B-00C04F79EFBC}") = "LINQApp", "LINQApp\LINQApp.csproj", "{EBA504D3-4102-4B67-B273-A4447A757ECA}"
EndProject
Global
	GlobalSection(SolutionConfigurationPlatforms) = preSolution
		Debug|Any CPU = Debug|Any CPU
		Release|Any CPU = Release|Any CPU
	EndGlobalSection
	GlobalSection(ProjectConfigurationPlatforms) = postSolution
		{EBA504D3-4102-4B67-B273-A4447A757ECA}.Debug|Any CPU.ActiveCfg = Debug|Any CPU
		{EBA504D3-4102-4B67-B273-A4447A757ECA}.Debug|Any CPU.Build.0 = Debug|Any CPU
		{EBA504D3-4102-4B67-B273-A4447A757ECA}.Release|Any CPU.ActiveCfg = Release|Any CPU
		{EBA504D3-4102-4B67-B273-A4447A757ECA}.Release|Any CPU.Build.0 = Release|Any CPU
	EndGlobalSection
	GlobalSection(SolutionProperties) = preSolution
		HideSolutionNode = FALSE
	EndGlobalSection
	GlobalSection(ExtensibilityGlobals) = postSolution
		SolutionGuid = {67C15C1D-5FEA-432F-B6FE-6CB004BA85F2}
	EndGlobalSection
EndGlobal
